
Microsoft Visual Studio Solution File, Format Version 12.00
# Visual Studio Version 16
VisualStudioVersion = 16.0.30907.101
MinimumVisualStudioVersion = 10.0.40219.1
Project("{FAE04EC0-301F-11D3-BF4B-00C04F79EFBC}") = "DesktopBookmaker", "DesktopBokmeyker\DesktopBookmaker.csproj", "{321D38DB-DEE0-4B76-8D83-288D2C283C1C}"
EndProject
Global
	GlobalSection(SolutionConfigurationPlatforms) = preSolution
		Debug|Any CPU = Debug|Any CPU
		Release|Any CPU = Release|Any CPU
	EndGlobalSection
	GlobalSection(ProjectConfigurationPlatforms) = postSolution
		{321D38DB-DEE0-4B76-8D83-288D2C283C1C}.Debug|Any CPU.ActiveCfg = Debug|Any CPU
		{321D38DB-DEE0-4B76-8D83-288D2C283C1C}.Debug|Any CPU.Build.0 = Debug|Any CPU
		{321D38DB-DEE0-4B76-8D83-288D2C283C1C}.Release|Any CPU.ActiveCfg = Release|Any CPU
		{321D38DB-DEE0-4B76-8D83-288D2C283C1C}.Release|Any CPU.Build.0 = Release|Any CPU
	EndGlobalSection
	GlobalSection(SolutionProperties) = preSolution
		HideSolutionNode = FALSE
	EndGlobalSection
	GlobalSection(ExtensibilityGlobals) = postSolution
		SolutionGuid = {F8E64B22-B2B6-46BC-8881-C02BC08FED02}
	EndGlobalSection
EndGlobal
