
Microsoft Visual Studio Solution File, Format Version 12.00
# Visual Studio Version 16
VisualStudioVersion = 16.0.30907.101
MinimumVisualStudioVersion = 10.0.40219.1
Project("{FAE04EC0-301F-11D3-BF4B-00C04F79EFBC}") = "InterfaceView", "InterfaceView\InterfaceView.csproj", "{9B4FA0DB-26F4-4759-802F-E6E6D1AC3BE6}"
EndProject
Global
	GlobalSection(SolutionConfigurationPlatforms) = preSolution
		Debug|Any CPU = Debug|Any CPU
		Release|Any CPU = Release|Any CPU
	EndGlobalSection
	GlobalSection(ProjectConfigurationPlatforms) = postSolution
		{9B4FA0DB-26F4-4759-802F-E6E6D1AC3BE6}.Debug|Any CPU.ActiveCfg = Debug|Any CPU
		{9B4FA0DB-26F4-4759-802F-E6E6D1AC3BE6}.Debug|Any CPU.Build.0 = Debug|Any CPU
		{9B4FA0DB-26F4-4759-802F-E6E6D1AC3BE6}.Release|Any CPU.ActiveCfg = Release|Any CPU
		{9B4FA0DB-26F4-4759-802F-E6E6D1AC3BE6}.Release|Any CPU.Build.0 = Release|Any CPU
	EndGlobalSection
	GlobalSection(SolutionProperties) = preSolution
		HideSolutionNode = FALSE
	EndGlobalSection
	GlobalSection(ExtensibilityGlobals) = postSolution
		SolutionGuid = {6CCE8C88-DA21-4C00-A549-7C5629332EC2}
	EndGlobalSection
EndGlobal
